
Microsoft Visual Studio Solution File, Format Version 12.00
# Visual Studio Version 17
VisualStudioVersion = 17.5.002.0
MinimumVisualStudioVersion = 10.0.40219.1
Project("{9A19103F-16F7-4668-BE54-9A1E7A4F7556}") = "operator", "operator.csproj", "{25FE626F-6B8F-48CD-B2AD-A87123DC7DCF}"
EndProject
Global
	GlobalSection(SolutionConfigurationPlatforms) = preSolution
		Debug|Any CPU = Debug|Any CPU
		Release|Any CPU = Release|Any CPU
	EndGlobalSection
	GlobalSection(ProjectConfigurationPlatforms) = postSolution
		{25FE626F-6B8F-48CD-B2AD-A87123DC7DCF}.Debug|Any CPU.ActiveCfg = Debug|Any CPU
		{25FE626F-6B8F-48CD-B2AD-A87123DC7DCF}.Debug|Any CPU.Build.0 = Debug|Any CPU
		{25FE626F-6B8F-48CD-B2AD-A87123DC7DCF}.Release|Any CPU.ActiveCfg = Release|Any CPU
		{25FE626F-6B8F-48CD-B2AD-A87123DC7DCF}.Release|Any CPU.Build.0 = Release|Any CPU
	EndGlobalSection
	GlobalSection(SolutionProperties) = preSolution
		HideSolutionNode = FALSE
	EndGlobalSection
	GlobalSection(ExtensibilityGlobals) = postSolution
		SolutionGuid = {58EBDF97-AAB3-4E7C-918A-A4952982F7FE}
	EndGlobalSection
EndGlobal
